
Microsoft Visual Studio Solution File, Format Version 12.00
# Visual Studio Version 16
VisualStudioVersion = 16.0.29613.14
MinimumVisualStudioVersion = 10.0.40219.1
Project("{FAE04EC0-301F-11D3-BF4B-00C04F79EFBC}") = "Multithreading_03", "Multithreading_03.csproj", "{3F415CB4-90FE-4294-8101-51AA7DF14A2D}"
EndProject
Global
	GlobalSection(SolutionConfigurationPlatforms) = preSolution
		Debug|Any CPU = Debug|Any CPU
		Release|Any CPU = Release|Any CPU
	EndGlobalSection
	GlobalSection(ProjectConfigurationPlatforms) = postSolution
		{3F415CB4-90FE-4294-8101-51AA7DF14A2D}.Debug|Any CPU.ActiveCfg = Debug|Any CPU
		{3F415CB4-90FE-4294-8101-51AA7DF14A2D}.Debug|Any CPU.Build.0 = Debug|Any CPU
		{3F415CB4-90FE-4294-8101-51AA7DF14A2D}.Release|Any CPU.ActiveCfg = Release|Any CPU
		{3F415CB4-90FE-4294-8101-51AA7DF14A2D}.Release|Any CPU.Build.0 = Release|Any CPU
	EndGlobalSection
	GlobalSection(SolutionProperties) = preSolution
		HideSolutionNode = FALSE
	EndGlobalSection
	GlobalSection(ExtensibilityGlobals) = postSolution
		SolutionGuid = {5F7730E3-8BEB-4191-8C78-9EC8D5C53189}
	EndGlobalSection
EndGlobal
